{
  "name": "nonsoupload1148",
  "version": "3.0.0",
  "lockfileVersion": 3,
  "requires": true,
  "packages": {
    "": {
      "name": "nonsoupload1148",
      "version": "3.0.0",
      "license": "ISC",
      "dependencies": {
        "nonsoupload1148": "^1.0.0"
      }
    },
    "node_modules/nonsoupload1148": {
      "version": "1.0.0",
      "resolved": "https://registry.npmjs.org/nonsoupload1148/-/nonsoupload1148-1.0.0.tgz",
      "integrity": "sha512-cfgcclFUt/EBg0D00B6EijjPqctSO/JAf1oChgeqMKXF+M034NpImt8H3o6z5rYeENhWu84pcoFXubwbONKEWw=="
    }
  }
}
